PODS:
  - Appirater (2.0.5)
  - CocoaAsyncSocket (7.5.0):
    - CocoaAsyncSocket/GCD (= 7.5.0)
  - CocoaAsyncSocket/GCD (7.5.0)
  - Crashlytics (3.8.3):
    - Fabric (~> 1.6.3)
  - Fabric (1.6.10)
  - Firebase (3.7.1):
    - Firebase/Core (= 3.7.1)
  - Firebase/AdMob (3.7.1):
    - Firebase/Core
    - Google-Mobile-Ads-SDK (= 7.12.1)
  - Firebase/Core (3.7.1):
    - FirebaseAnalytics (= 3.4.4)
    - FirebaseCore (= 3.4.3)
  - Firebase/Messaging (3.7.1):
    - Firebase/Core
    - FirebaseMessaging (= 1.2.0)
  - Firebase/RemoteConfig (3.7.1):
    - Firebase/Core
    - FirebaseRemoteConfig (= 1.3.0)
  - FirebaseAnalytics (3.4.4):
    - FirebaseCore (~> 3.4)
    - FirebaseInstanceID (~> 1.0)
    - GoogleInterchangeUtilities (~> 1.2)
    - GoogleSymbolUtilities (~> 1.1)
  - FirebaseCore (3.4.3):
    - GoogleInterchangeUtilities (~> 1.2)
    - GoogleUtilities (~> 1.2)
  - FirebaseInstanceID (1.0.8)
  - FirebaseMessaging (1.2.0):
    - FirebaseAnalytics (~> 3.3)
    - FirebaseInstanceID (~> 1.0)
    - GoogleInterchangeUtilities (~> 1.2)
    - GoogleIPhoneUtilities (~> 1.2)
    - GoogleSymbolUtilities (~> 1.1)
  - FirebaseRemoteConfig (1.3.0):
    - FirebaseAnalytics (~> 3.3)
    - FirebaseInstanceID (~> 1.0)
    - GoogleInterchangeUtilities (~> 1.2)
    - GoogleIPhoneUtilities (~> 1.2)
    - GoogleSymbolUtilities (~> 1.1)
    - GoogleUtilities (~> 1.2)
  - FyberSDK (8.5.3)
  - Google-Mobile-Ads-SDK (7.12.1)
  - GoogleInterchangeUtilities (1.2.2):
    - GoogleSymbolUtilities (~> 1.1)
  - GoogleIPhoneUtilities (1.2.1):
    - GoogleSymbolUtilities (~> 1.0)
    - GoogleUtilities (~> 1.0)
  - GoogleSymbolUtilities (1.1.2)
  - GoogleUtilities (1.3.2):
    - GoogleSymbolUtilities (~> 1.1)
  - MBProgressHUD (1.0.0)
  - NHNetworkTime (1.7):
    - CocoaAsyncSocket (~> 7.5.0)
  - PeekView (1.1.1)
  - PermissionScope (1.1.1)
  - SupersonicSDK (6.4.17.0)
  - SwiftKeychainWrapper (3.0.0)

DEPENDENCIES:
  - Appirater
  - Crashlytics
  - Fabric
  - Firebase
  - Firebase/AdMob
  - Firebase/Core
  - Firebase/Messaging
  - Firebase/RemoteConfig
  - FyberSDK (~> 8.0)
  - MBProgressHUD
  - NHNetworkTime
  - PeekView
  - PermissionScope (~> 1.1.1)
  - SupersonicSDK
  - SwiftKeychainWrapper

SPEC CHECKSUMS:
  Appirater: e7c0a47fb67ee5041ce8479e6ba960927fb40264
  CocoaAsyncSocket: 3baeb1ddd969f81cf9fca81053ae49ef2d1cbbfa
  Crashlytics: 2b6dbe138a42395577cfa73dfa1aa7248cadf39e
  Fabric: c73f371ee543e3f0b80608f2674750e4910d1669
  Firebase: be473484f0d515e72ffd04acf22f981773c23e58
  FirebaseAnalytics: 0533a00b681e08fd0b2cd0444b7ddf0ef9fd7a1a
  FirebaseCore: 5a885548bbc5f0c410b04f8e9ac9d73ff1221907
  FirebaseInstanceID: ba1e640935235e5fac39dfa816fe7660e72e1a8a
  FirebaseMessaging: 789d23fd796594dfb55dcf36cd325541df887c22
  FirebaseRemoteConfig: 981f45d4278281cfefa8f48a6f5c566f2c95ac5a
  FyberSDK: 98a8ada5e4f176685aa39202fb7a2c81bdf637ec
  Google-Mobile-Ads-SDK: 542eb24c1ce6c8fd5084ee9572fd9dcd2d06065a
  GoogleInterchangeUtilities: d5bc4d88d5b661ab72f9d70c58d02ca8c27ad1f7
  GoogleIPhoneUtilities: 63f25e93a3ddcb66884d182aab3a660d98f1479b
  GoogleSymbolUtilities: 631ee17048aa5e9ab133470d768ea997a5ef9b96
  GoogleUtilities: 8bbc733218aad26306f9d4a253823986110e3358
  MBProgressHUD: 4890f671c94e8a0f3cf959aa731e9de2f036d71a
  NHNetworkTime: b140ee21770aed41e7b8fd43647bce6349ad10f2
  PeekView: cef76e2f56031af35935dd674350f9e2b70c788d
  PermissionScope: a30c16e015779ba27c97c124e7539e27b5829de2
  SupersonicSDK: 475a118f596a5cb953c9fc178cabd9a264451558
  SwiftKeychainWrapper: aa69884eb623a6f7d644921bbf58c8cee416a9e6

PODFILE CHECKSUM: f14e6ed0bd916ef79dd3a9431e96f7592726669e

COCOAPODS: 1.1.1
